# This file is automatically @generated by Cargo.
# It is not intended for manual editing.
version = 4

[[package]]
name = "libc"
version = "0.2.172"
source = "registry+https://github.com/rust-lang/crates.io-index"
checksum = "d750af042f7ef4f724306de029d18836c26c1765a54a6a3f094cbd23a7267ffa"

[[package]]
name = "redb"
version = "2.5.0"
source = "registry+https://github.com/rust-lang/crates.io-index"
checksum = "34bc6763177194266fc3773e2b2bb3693f7b02fdf461e285aa33202e3164b74e"
dependencies = [
 "libc",
]

[[package]]
name = "store"
version = "0.1.0"
dependencies = [
 "redb",
]
